
Microsoft Visual Studio Solution File, Format Version 12.00
# Visual Studio Version 17
VisualStudioVersion = 17.14.36518.9 d17.14
MinimumVisualStudioVersion = 10.0.40219.1
Project("{FAE04EC0-301F-11D3-BF4B-00C04F79EFBC}") = "SeatNow.GateWay", "SeatNow.GateWay\SeatNow.GateWay.csproj", "{23F82894-144E-4CFE-A8F7-10FEADC20BCB}"
EndProject
Global
	GlobalSection(SolutionConfigurationPlatforms) = preSolution
		Debug|Any CPU = Debug|Any CPU
		Release|Any CPU = Release|Any CPU
	EndGlobalSection
	GlobalSection(ProjectConfigurationPlatforms) = postSolution
		{23F82894-144E-4CFE-A8F7-10FEADC20BCB}.Debug|Any CPU.ActiveCfg = Debug|Any CPU
		{23F82894-144E-4CFE-A8F7-10FEADC20BCB}.Debug|Any CPU.Build.0 = Debug|Any CPU
		{23F82894-144E-4CFE-A8F7-10FEADC20BCB}.Release|Any CPU.ActiveCfg = Release|Any CPU
		{23F82894-144E-4CFE-A8F7-10FEADC20BCB}.Release|Any CPU.Build.0 = Release|Any CPU
	EndGlobalSection
	GlobalSection(SolutionProperties) = preSolution
		HideSolutionNode = FALSE
	EndGlobalSection
	GlobalSection(ExtensibilityGlobals) = postSolution
		SolutionGuid = {1BC9B07B-195B-4D59-80FF-F2C6F9DA1062}
	EndGlobalSection
EndGlobal
